
Microsoft Visual Studio Solution File, Format Version 12.00
# Visual Studio Version 17
VisualStudioVersion = 17.7.34024.191
MinimumVisualStudioVersion = 10.0.40219.1
Project("{FAE04EC0-301F-11D3-BF4B-00C04F79EFBC}") = "ZzaDesktop", "ZzaDesktop\ZzaDesktop.csproj", "{5405FEB0-54C1-4E0F-96B0-6F3935DA283C}"
EndProject
Project("{9A19103F-16F7-4668-BE54-9A1E7A4F7556}") = "Zza.Data", "Zza.Data\Zza.Data.csproj", "{F6E5C5FB-C4CD-4C0F-AD66-7CB1FA4ACA50}"
EndProject
Global
	GlobalSection(SolutionConfigurationPlatforms) = preSolution
		Debug|Any CPU = Debug|Any CPU
		Release|Any CPU = Release|Any CPU
	EndGlobalSection
	GlobalSection(ProjectConfigurationPlatforms) = postSolution
		{5405FEB0-54C1-4E0F-96B0-6F3935DA283C}.Debug|Any CPU.ActiveCfg = Debug|Any CPU
		{5405FEB0-54C1-4E0F-96B0-6F3935DA283C}.Debug|Any CPU.Build.0 = Debug|Any CPU
		{5405FEB0-54C1-4E0F-96B0-6F3935DA283C}.Release|Any CPU.ActiveCfg = Release|Any CPU
		{5405FEB0-54C1-4E0F-96B0-6F3935DA283C}.Release|Any CPU.Build.0 = Release|Any CPU
		{F6E5C5FB-C4CD-4C0F-AD66-7CB1FA4ACA50}.Debug|Any CPU.ActiveCfg = Debug|Any CPU
		{F6E5C5FB-C4CD-4C0F-AD66-7CB1FA4ACA50}.Debug|Any CPU.Build.0 = Debug|Any CPU
		{F6E5C5FB-C4CD-4C0F-AD66-7CB1FA4ACA50}.Release|Any CPU.ActiveCfg = Release|Any CPU
		{F6E5C5FB-C4CD-4C0F-AD66-7CB1FA4ACA50}.Release|Any CPU.Build.0 = Release|Any CPU
	EndGlobalSection
	GlobalSection(SolutionProperties) = preSolution
		HideSolutionNode = FALSE
	EndGlobalSection
	GlobalSection(ExtensibilityGlobals) = postSolution
		SolutionGuid = {7D469045-6ADC-410F-BED3-E7F48EFFB57A}
	EndGlobalSection
EndGlobal
