
Microsoft Visual Studio Solution File, Format Version 12.00
# Visual Studio Version 17
VisualStudioVersion = 17.7.34024.191
MinimumVisualStudioVersion = 10.0.40219.1
Project("{FAE04EC0-301F-11D3-BF4B-00C04F79EFBC}") = "MVVMCommsDemo", "MVVMCommsDemo\MVVMCommsDemo.csproj", "{7FBB18E8-EBFF-4BBA-B031-8AE45FA59C17}"
EndProject
Project("{9A19103F-16F7-4668-BE54-9A1E7A4F7556}") = "Zza.Data", "Zza.Data\Zza.Data.csproj", "{46133216-AE4A-4BC5-8D8A-B4779CC2DC98}"
EndProject
Global
	GlobalSection(SolutionConfigurationPlatforms) = preSolution
		Debug|Any CPU = Debug|Any CPU
		Release|Any CPU = Release|Any CPU
	EndGlobalSection
	GlobalSection(ProjectConfigurationPlatforms) = postSolution
		{7FBB18E8-EBFF-4BBA-B031-8AE45FA59C17}.Debug|Any CPU.ActiveCfg = Debug|Any CPU
		{7FBB18E8-EBFF-4BBA-B031-8AE45FA59C17}.Debug|Any CPU.Build.0 = Debug|Any CPU
		{7FBB18E8-EBFF-4BBA-B031-8AE45FA59C17}.Release|Any CPU.ActiveCfg = Release|Any CPU
		{7FBB18E8-EBFF-4BBA-B031-8AE45FA59C17}.Release|Any CPU.Build.0 = Release|Any CPU
		{46133216-AE4A-4BC5-8D8A-B4779CC2DC98}.Debug|Any CPU.ActiveCfg = Debug|Any CPU
		{46133216-AE4A-4BC5-8D8A-B4779CC2DC98}.Debug|Any CPU.Build.0 = Debug|Any CPU
		{46133216-AE4A-4BC5-8D8A-B4779CC2DC98}.Release|Any CPU.ActiveCfg = Release|Any CPU
		{46133216-AE4A-4BC5-8D8A-B4779CC2DC98}.Release|Any CPU.Build.0 = Release|Any CPU
	EndGlobalSection
	GlobalSection(SolutionProperties) = preSolution
		HideSolutionNode = FALSE
	EndGlobalSection
	GlobalSection(ExtensibilityGlobals) = postSolution
		SolutionGuid = {DE94A41F-73D5-4CB6-9F75-E7C61A94A406}
	EndGlobalSection
EndGlobal
